
Microsoft Visual Studio Solution File, Format Version 12.00
# Visual Studio Version 16
VisualStudioVersion = 16.0.32510.428
MinimumVisualStudioVersion = 10.0.40219.1
Project("{9A19103F-16F7-4668-BE54-9A1E7A4F7556}") = "Jyp", "Jyp\Jyp.csproj", "{2EC03857-19DA-489C-A924-8FE8D704D32C}"
EndProject
Global
	GlobalSection(SolutionConfigurationPlatforms) = preSolution
		Debug|Any CPU = Debug|Any CPU
		Release|Any CPU = Release|Any CPU
	EndGlobalSection
	GlobalSection(ProjectConfigurationPlatforms) = postSolution
		{2EC03857-19DA-489C-A924-8FE8D704D32C}.Debug|Any CPU.ActiveCfg = Debug|Any CPU
		{2EC03857-19DA-489C-A924-8FE8D704D32C}.Debug|Any CPU.Build.0 = Debug|Any CPU
		{2EC03857-19DA-489C-A924-8FE8D704D32C}.Release|Any CPU.ActiveCfg = Release|Any CPU
		{2EC03857-19DA-489C-A924-8FE8D704D32C}.Release|Any CPU.Build.0 = Release|Any CPU
	EndGlobalSection
	GlobalSection(SolutionProperties) = preSolution
		HideSolutionNode = FALSE
	EndGlobalSection
	GlobalSection(ExtensibilityGlobals) = postSolution
		SolutionGuid = {27385BFD-A84E-4CFB-A102-523C725BC85C}
	EndGlobalSection
EndGlobal
